
Microsoft Visual Studio Solution File, Format Version 12.00
# Visual Studio Version 16
VisualStudioVersion = 16.0.30413.136
MinimumVisualStudioVersion = 10.0.40219.1
Project("{FAE04EC0-301F-11D3-BF4B-00C04F79EFBC}") = "Kontaktandmed", "Kontaktandmed.csproj", "{AE48EAFD-CF91-4294-9C65-20B70A781087}"
EndProject
Global
	GlobalSection(SolutionConfigurationPlatforms) = preSolution
		Debug|Any CPU = Debug|Any CPU
		Release|Any CPU = Release|Any CPU
	EndGlobalSection
	GlobalSection(ProjectConfigurationPlatforms) = postSolution
		{AE48EAFD-CF91-4294-9C65-20B70A781087}.Debug|Any CPU.ActiveCfg = Debug|Any CPU
		{AE48EAFD-CF91-4294-9C65-20B70A781087}.Debug|Any CPU.Build.0 = Debug|Any CPU
		{AE48EAFD-CF91-4294-9C65-20B70A781087}.Release|Any CPU.ActiveCfg = Release|Any CPU
		{AE48EAFD-CF91-4294-9C65-20B70A781087}.Release|Any CPU.Build.0 = Release|Any CPU
	EndGlobalSection
	GlobalSection(SolutionProperties) = preSolution
		HideSolutionNode = FALSE
	EndGlobalSection
	GlobalSection(ExtensibilityGlobals) = postSolution
		SolutionGuid = {FA8C5E39-8FA7-4311-BCBF-1F4427A42E71}
	EndGlobalSection
EndGlobal
